
Microsoft Visual Studio Solution File, Format Version 12.00
# Visual Studio Version 16
VisualStudioVersion = 16.0.31729.503
MinimumVisualStudioVersion = 10.0.40219.1
Project("{FAE04EC0-301F-11D3-BF4B-00C04F79EFBC}") = "LIBRARY_PROJECT_4.0", "LIBRARY_PROJECT_4.0.csproj", "{E428C34F-D311-45A5-A84B-2E9FCDB000B7}"
EndProject
Project("{FAE04EC0-301F-11D3-BF4B-00C04F79EFBC}") = "Tests", "..\Tests\Tests\Tests.csproj", "{4F8FE5EB-DEC2-49CD-969B-BF2673786FCC}"
EndProject
Global
	GlobalSection(SolutionConfigurationPlatforms) = preSolution
		Debug|Any CPU = Debug|Any CPU
		Release|Any CPU = Release|Any CPU
	EndGlobalSection
	GlobalSection(ProjectConfigurationPlatforms) = postSolution
		{E428C34F-D311-45A5-A84B-2E9FCDB000B7}.Debug|Any CPU.ActiveCfg = Debug|Any CPU
		{E428C34F-D311-45A5-A84B-2E9FCDB000B7}.Debug|Any CPU.Build.0 = Debug|Any CPU
		{E428C34F-D311-45A5-A84B-2E9FCDB000B7}.Release|Any CPU.ActiveCfg = Release|Any CPU
		{E428C34F-D311-45A5-A84B-2E9FCDB000B7}.Release|Any CPU.Build.0 = Release|Any CPU
		{4F8FE5EB-DEC2-49CD-969B-BF2673786FCC}.Debug|Any CPU.ActiveCfg = Debug|Any CPU
		{4F8FE5EB-DEC2-49CD-969B-BF2673786FCC}.Debug|Any CPU.Build.0 = Debug|Any CPU
		{4F8FE5EB-DEC2-49CD-969B-BF2673786FCC}.Release|Any CPU.ActiveCfg = Release|Any CPU
		{4F8FE5EB-DEC2-49CD-969B-BF2673786FCC}.Release|Any CPU.Build.0 = Release|Any CPU
	EndGlobalSection
	GlobalSection(SolutionProperties) = preSolution
		HideSolutionNode = FALSE
	EndGlobalSection
	GlobalSection(ExtensibilityGlobals) = postSolution
		SolutionGuid = {B73888EC-C855-4E94-9880-2F72A3A902F1}
	EndGlobalSection
EndGlobal
